
Microsoft Visual Studio Solution File, Format Version 12.00
# Visual Studio Version 16
VisualStudioVersion = 16.0.30907.101
MinimumVisualStudioVersion = 10.0.40219.1
Project("{9A19103F-16F7-4668-BE54-9A1E7A4F7556}") = "Chronicle", "Chronicle\Chronicle.csproj", "{4FBB3334-8A07-4FCF-9D26-FDBD5DEAE1B3}"
EndProject
Project("{9A19103F-16F7-4668-BE54-9A1E7A4F7556}") = "Chronicle.Tests", "Chronicle.Tests\Chronicle.Tests.csproj", "{F09EAA6B-9990-46B7-81B4-489C26856760}"
EndProject
Project("{9A19103F-16F7-4668-BE54-9A1E7A4F7556}") = "Chronicle.Web", "Chronicle.Web\Chronicle.Web.csproj", "{DD8BF340-9A95-4283-AEC4-8048D81DA845}"
EndProject
Global
	GlobalSection(SolutionConfigurationPlatforms) = preSolution
		Debug|Any CPU = Debug|Any CPU
		Release|Any CPU = Release|Any CPU
	EndGlobalSection
	GlobalSection(ProjectConfigurationPlatforms) = postSolution
		{4FBB3334-8A07-4FCF-9D26-FDBD5DEAE1B3}.Debug|Any CPU.ActiveCfg = Debug|Any CPU
		{4FBB3334-8A07-4FCF-9D26-FDBD5DEAE1B3}.Debug|Any CPU.Build.0 = Debug|Any CPU
		{4FBB3334-8A07-4FCF-9D26-FDBD5DEAE1B3}.Release|Any CPU.ActiveCfg = Release|Any CPU
		{4FBB3334-8A07-4FCF-9D26-FDBD5DEAE1B3}.Release|Any CPU.Build.0 = Release|Any CPU
		{F09EAA6B-9990-46B7-81B4-489C26856760}.Debug|Any CPU.ActiveCfg = Debug|Any CPU
		{F09EAA6B-9990-46B7-81B4-489C26856760}.Debug|Any CPU.Build.0 = Debug|Any CPU
		{F09EAA6B-9990-46B7-81B4-489C26856760}.Release|Any CPU.ActiveCfg = Release|Any CPU
		{F09EAA6B-9990-46B7-81B4-489C26856760}.Release|Any CPU.Build.0 = Release|Any CPU
		{DD8BF340-9A95-4283-AEC4-8048D81DA845}.Debug|Any CPU.ActiveCfg = Debug|Any CPU
		{DD8BF340-9A95-4283-AEC4-8048D81DA845}.Debug|Any CPU.Build.0 = Debug|Any CPU
		{DD8BF340-9A95-4283-AEC4-8048D81DA845}.Release|Any CPU.ActiveCfg = Release|Any CPU
		{DD8BF340-9A95-4283-AEC4-8048D81DA845}.Release|Any CPU.Build.0 = Release|Any CPU
	EndGlobalSection
	GlobalSection(SolutionProperties) = preSolution
		HideSolutionNode = FALSE
	EndGlobalSection
	GlobalSection(ExtensibilityGlobals) = postSolution
		SolutionGuid = {689A590E-039A-480D-9968-A1D39B70EB77}
	EndGlobalSection
EndGlobal
